{
  "nodes": {
    "nixpkgs": {
      "locked": {
        "lastModified": 1747246792,
        "narHash": "sha256-R4hm4Njk82kZIG+fVxOEP8iSq0gEmse+PjJdqQaHkJs=",
        "owner": "nixos",
        "repo": "nixpkgs",
        "rev": "851c8b9a53e81dd748a649470b23ff17eee43b64",
        "type": "github"
      },
      "original": {
        "owner": "nixos",
        "repo": "nixpkgs",
        "type": "github"
      }
    },
    "root": {
      "inputs": {
        "nixpkgs": "nixpkgs"
      }
    }
  },
  "root": "root",
  "version": 7
}
